<?xml version="1.0" encoding="utf-8"?>
<Project ToolsVersion="4.0" xmlns="http://schemas.microsoft.com/developer/msbuild/2003">
  <ItemGroup>
    <Filter Include="源文件">
      <UniqueIdentifier>{4FC737F1-C7A5-4376-A066-2A32D752A2FF}</UniqueIdentifier>
      <Extensions>cpp;c;cc;cxx;def;odl;idl;hpj;bat;asm;asmx</Extensions>
    </Filter>
    <Filter Include="头文件">
      <UniqueIdentifier>{93995380-89BD-4b04-88EB-625FBE52EBFB}</UniqueIdentifier>
      <Extensions>h;hh;hpp;hxx;hm;inl;inc;ipp;xsd</Extensions>
    </Filter>
    <Filter Include="资源文件">
      <UniqueIdentifier>{67DA6AB6-F800-4c08-8B7A-83BB121AAD01}</UniqueIdentifier>
      <Extensions>rc;ico;cur;bmp;dlg;rc2;rct;bin;rgs;gif;jpg;jpeg;jpe;resx;tiff;tif;png;wav;mfcribbon-ms</Extensions>
    </Filter>
  </ItemGroup>
  <ItemGroup>
    <ClCompile Include="Main.cpp">
      <Filter>源文件</Filter>
    </ClCompile>
    <ClCompile Include="GameScene.cpp">
      <Filter>源文件</Filter>
    </ClCompile>
    <ClCompile Include="EasyScene.cpp">
      <Filter>源文件</Filter>
    </ClCompile>
    <ClCompile Include="Source.cpp">
      <Filter>源文件</Filter>
    </ClCompile>
    <ClCompile Include="GameGlobal.cpp">
      <Filter>源文件</Filter>
    </ClCompile>
    <ClCompile Include="EnemyBullet.cpp">
      <Filter>源文件</Filter>
    </ClCompile>
    <ClCompile Include="Player.cpp">
      <Filter>源文件</Filter>
    </ClCompile>
    <ClCompile Include="Bullet.cpp">
      <Filter>源文件</Filter>
    </ClCompile>
    <ClCompile Include="Character.cpp">
      <Filter>源文件</Filter>
    </ClCompile>
    <ClCompile Include="SoundEffect.cpp">
      <Filter>源文件</Filter>
    </ClCompile>
    <ClCompile Include="Rand.cpp">
      <Filter>源文件</Filter>
    </ClCompile>
    <ClCompile Include="VertexBuffer.cpp">
      <Filter>源文件</Filter>
    </ClCompile>
    <ClCompile Include="Mathf.cpp">
      <Filter>源文件</Filter>
    </ClCompile>
    <ClCompile Include="Enemy.cpp">
      <Filter>源文件</Filter>
    </ClCompile>
    <ClCompile Include="SpellCard.cpp">
      <Filter>源文件</Filter>
    </ClCompile>
    <ClCompile Include="Item.cpp">
      <Filter>源文件</Filter>
    </ClCompile>
    <ClCompile Include="SoundInstance.cpp">
      <Filter>源文件</Filter>
    </ClCompile>
    <ClCompile Include="Boss.cpp">
      <Filter>源文件</Filter>
    </ClCompile>
    <ClCompile Include="BackGround.cpp">
      <Filter>源文件</Filter>
    </ClCompile>
    <ClCompile Include="FogManager.cpp">
      <Filter>源文件</Filter>
    </ClCompile>
    <ClCompile Include="Callback.cpp">
      <Filter>源文件</Filter>
    </ClCompile>
    <ClCompile Include="EffectColor.cpp">
      <Filter>源文件</Filter>
    </ClCompile>
    <ClCompile Include="BossSpellCard.cpp">
      <Filter>源文件</Filter>
    </ClCompile>
    <ClCompile Include="PlayerBullet.cpp">
      <Filter>源文件</Filter>
    </ClCompile>
    <ClCompile Include="UIDeriver.cpp">
      <Filter>源文件</Filter>
    </ClCompile>
    <ClCompile Include="LoadingScene.cpp">
      <Filter>源文件</Filter>
    </ClCompile>
    <ClCompile Include="Level.cpp">
      <Filter>源文件</Filter>
    </ClCompile>
    <ClCompile Include="LevelResources.cpp">
      <Filter>源文件</Filter>
    </ClCompile>
    <ClCompile Include="TitleScene.cpp">
      <Filter>源文件</Filter>
    </ClCompile>
    <ClCompile Include="SceneObjects.cpp">
      <Filter>源文件</Filter>
    </ClCompile>
    <ClCompile Include="TitleFrame.cpp">
      <Filter>源文件</Filter>
    </ClCompile>
    <ClCompile Include="Replay.cpp">
      <Filter>源文件</Filter>
    </ClCompile>
    <ClCompile Include="GSObjects.cpp">
      <Filter>源文件</Filter>
    </ClCompile>
    <ClCompile Include="History.cpp">
      <Filter>源文件</Filter>
    </ClCompile>
    <ClCompile Include="Shooter.cpp">
      <Filter>源文件</Filter>
    </ClCompile>
    <ClCompile Include="Dialog.cpp">
      <Filter>源文件</Filter>
    </ClCompile>
  </ItemGroup>
  <ItemGroup>
    <ClInclude Include="GameScene.h">
      <Filter>头文件</Filter>
    </ClInclude>
    <ClInclude Include="EasyScene.h">
      <Filter>头文件</Filter>
    </ClInclude>
    <ClInclude Include="Player.h">
      <Filter>头文件</Filter>
    </ClInclude>
    <ClInclude Include="Animation.h">
      <Filter>头文件</Filter>
    </ClInclude>
    <ClInclude Include="Character.h">
      <Filter>头文件</Filter>
    </ClInclude>
    <ClInclude Include="Reimu.h">
      <Filter>头文件</Filter>
    </ClInclude>
    <ClInclude Include="Controller.h">
      <Filter>头文件</Filter>
    </ClInclude>
    <ClInclude Include="Source.h">
      <Filter>头文件</Filter>
    </ClInclude>
    <ClInclude Include="Callback.h">
      <Filter>头文件</Filter>
    </ClInclude>
    <ClInclude Include="SceneObjects.h">
      <Filter>头文件</Filter>
    </ClInclude>
    <ClInclude Include="Bullet.h">
      <Filter>头文件</Filter>
    </ClInclude>
    <ClInclude Include="UserComponent.h">
      <Filter>头文件</Filter>
    </ClInclude>
    <ClInclude Include="EngineGlobal.h">
      <Filter>头文件</Filter>
    </ClInclude>
    <ClInclude Include="GameGlobal.h">
      <Filter>头文件</Filter>
    </ClInclude>
    <ClInclude Include="EnemyBullet.h">
      <Filter>头文件</Filter>
    </ClInclude>
    <ClInclude Include="Mathf.h">
      <Filter>头文件</Filter>
    </ClInclude>
    <ClInclude Include="EnemyBulletDeriver.h">
      <Filter>头文件</Filter>
    </ClInclude>
    <ClInclude Include="SoundEffect.h">
      <Filter>头文件</Filter>
    </ClInclude>
    <ClInclude Include="Effect.h">
      <Filter>头文件</Filter>
    </ClInclude>
    <ClInclude Include="Rand.h">
      <Filter>头文件</Filter>
    </ClInclude>
    <ClInclude Include="VertexBuffer.h">
      <Filter>头文件</Filter>
    </ClInclude>
    <ClInclude Include="Enemy.h">
      <Filter>头文件</Filter>
    </ClInclude>
    <ClInclude Include="SpellCard.h">
      <Filter>头文件</Filter>
    </ClInclude>
    <ClInclude Include="Item.h">
      <Filter>头文件</Filter>
    </ClInclude>
    <ClInclude Include="ItemDeriver.h">
      <Filter>头文件</Filter>
    </ClInclude>
    <ClInclude Include="SoundInstance.h">
      <Filter>头文件</Filter>
    </ClInclude>
    <ClInclude Include="Boss.h">
      <Filter>头文件</Filter>
    </ClInclude>
    <ClInclude Include="BackGround.h">
      <Filter>头文件</Filter>
    </ClInclude>
    <ClInclude Include="BackGroundDeriver.h">
      <Filter>头文件</Filter>
    </ClInclude>
    <ClInclude Include="FogManager.h">
      <Filter>头文件</Filter>
    </ClInclude>
    <ClInclude Include="EffectColor.h">
      <Filter>头文件</Filter>
    </ClInclude>
    <ClInclude Include="Surface.h">
      <Filter>头文件</Filter>
    </ClInclude>
    <ClInclude Include="LifeBar.h">
      <Filter>头文件</Filter>
    </ClInclude>
    <ClInclude Include="UserRenderer.h">
      <Filter>头文件</Filter>
    </ClInclude>
    <ClInclude Include="BossSpellCard.h">
      <Filter>头文件</Filter>
    </ClInclude>
    <ClInclude Include="BossSpellCardDeriver.h">
      <Filter>头文件</Filter>
    </ClInclude>
    <ClInclude Include="PlayerBullet.h">
      <Filter>头文件</Filter>
    </ClInclude>
    <ClInclude Include="PlayerBulletDeriver.h">
      <Filter>头文件</Filter>
    </ClInclude>
    <ClInclude Include="Bomb.h">
      <Filter>头文件</Filter>
    </ClInclude>
    <ClInclude Include="BombDeriver.h">
      <Filter>头文件</Filter>
    </ClInclude>
    <ClInclude Include="UI.h">
      <Filter>头文件</Filter>
    </ClInclude>
    <ClInclude Include="UIDeriver.h">
      <Filter>头文件</Filter>
    </ClInclude>
    <ClInclude Include="BossParticle.h">
      <Filter>头文件</Filter>
    </ClInclude>
    <ClInclude Include="Balloon.h">
      <Filter>头文件</Filter>
    </ClInclude>
    <ClInclude Include="Face.h">
      <Filter>头文件</Filter>
    </ClInclude>
    <ClInclude Include="Dialog.h">
      <Filter>头文件</Filter>
    </ClInclude>
    <ClInclude Include="DialogDeriver.h">
      <Filter>头文件</Filter>
    </ClInclude>
    <ClInclude Include="LoadingScene.h">
      <Filter>头文件</Filter>
    </ClInclude>
    <ClInclude Include="Level.h">
      <Filter>头文件</Filter>
    </ClInclude>
    <ClInclude Include="LevelResources.h">
      <Filter>头文件</Filter>
    </ClInclude>
    <ClInclude Include="BossDeriver.h">
      <Filter>头文件</Filter>
    </ClInclude>
    <ClInclude Include="CardBackground.h">
      <Filter>头文件</Filter>
    </ClInclude>
    <ClInclude Include="CardBackgroundDeriver.h">
      <Filter>头文件</Filter>
    </ClInclude>
    <ClInclude Include="BossSprite.h">
      <Filter>头文件</Filter>
    </ClInclude>
    <ClInclude Include="BossSpriteDeriver.h">
      <Filter>头文件</Filter>
    </ClInclude>
    <ClInclude Include="TitleScene.h">
      <Filter>头文件</Filter>
    </ClInclude>
    <ClInclude Include="TitleObjects.h">
      <Filter>头文件</Filter>
    </ClInclude>
    <ClInclude Include="GSObjects.h">
      <Filter>头文件</Filter>
    </ClInclude>
    <ClInclude Include="BaseObject.h">
      <Filter>头文件</Filter>
    </ClInclude>
    <ClInclude Include="TitleFrame.h">
      <Filter>头文件</Filter>
    </ClInclude>
    <ClInclude Include="Marisa.h">
      <Filter>头文件</Filter>
    </ClInclude>
    <ClInclude Include="Replay.h">
      <Filter>头文件</Filter>
    </ClInclude>
    <ClInclude Include="ControllerDeriver.h">
      <Filter>头文件</Filter>
    </ClInclude>
    <ClInclude Include="History.h">
      <Filter>头文件</Filter>
    </ClInclude>
    <ClInclude Include="Shooter.h">
      <Filter>头文件</Filter>
    </ClInclude>
    <ClInclude Include="WinRC.h">
      <Filter>头文件</Filter>
    </ClInclude>
  </ItemGroup>
  <ItemGroup>
    <ResourceCompile Include="东方RushBoss.rc">
      <Filter>资源文件</Filter>
    </ResourceCompile>
  </ItemGroup>
  <ItemGroup>
    <Image Include="icon\game.ico">
      <Filter>资源文件</Filter>
    </Image>
  </ItemGroup>
</Project>